
Microsoft Visual Studio Solution File, Format Version 12.00
# Visual Studio Version 16
VisualStudioVersion = 16.0.31424.327
MinimumVisualStudioVersion = 10.0.40219.1
Project("{FAE04EC0-301F-11D3-BF4B-00C04F79EFBC}") = "MovieDatabase", "MovieDatabase\MovieDatabase.csproj", "{EBA8DD7D-5839-41B2-BDDA-B5975494B46E}"
EndProject
Global
	GlobalSection(SolutionConfigurationPlatforms) = preSolution
		Debug|Any CPU = Debug|Any CPU
		Release|Any CPU = Release|Any CPU
	EndGlobalSection
	GlobalSection(ProjectConfigurationPlatforms) = postSolution
		{EBA8DD7D-5839-41B2-BDDA-B5975494B46E}.Debug|Any CPU.ActiveCfg = Debug|Any CPU
		{EBA8DD7D-5839-41B2-BDDA-B5975494B46E}.Debug|Any CPU.Build.0 = Debug|Any CPU
		{EBA8DD7D-5839-41B2-BDDA-B5975494B46E}.Release|Any CPU.ActiveCfg = Release|Any CPU
		{EBA8DD7D-5839-41B2-BDDA-B5975494B46E}.Release|Any CPU.Build.0 = Release|Any CPU
	EndGlobalSection
	GlobalSection(SolutionProperties) = preSolution
		HideSolutionNode = FALSE
	EndGlobalSection
	GlobalSection(ExtensibilityGlobals) = postSolution
		SolutionGuid = {59F117AF-78C2-451A-BE16-EB64485EE4AB}
	EndGlobalSection
EndGlobal
